
Microsoft Visual Studio Solution File, Format Version 12.00
# Visual Studio Version 16
VisualStudioVersion = 16.0.29201.188
MinimumVisualStudioVersion = 10.0.40219.1
Project("{9A19103F-16F7-4668-BE54-9A1E7A4F7556}") = "RadiusDictionariesLib", "RadiusDictionariesLib\RadiusDictionariesLib.csproj", "{B491C5B1-FB6F-42BA-B089-946E703ABC79}"
EndProject
Project("{FAE04EC0-301F-11D3-BF4B-00C04F79EFBC}") = "RadiusDictionariesLib.Tests", "\RadiusDictionariesLib.Tests\RadiusDictionariesLib.Tests.csproj", "{FE41114A-1D9D-4A1F-9C7E-B0BCCFEEFDAE}"
EndProject
Global
	GlobalSection(SolutionConfigurationPlatforms) = preSolution
		Debug|Any CPU = Debug|Any CPU
		Release|Any CPU = Release|Any CPU
	EndGlobalSection
	GlobalSection(ProjectConfigurationPlatforms) = postSolution
		{B491C5B1-FB6F-42BA-B089-946E703ABC79}.Debug|Any CPU.ActiveCfg = Debug|Any CPU
		{B491C5B1-FB6F-42BA-B089-946E703ABC79}.Debug|Any CPU.Build.0 = Debug|Any CPU
		{B491C5B1-FB6F-42BA-B089-946E703ABC79}.Release|Any CPU.ActiveCfg = Release|Any CPU
		{B491C5B1-FB6F-42BA-B089-946E703ABC79}.Release|Any CPU.Build.0 = Release|Any CPU
		{FE41114A-1D9D-4A1F-9C7E-B0BCCFEEFDAE}.Debug|Any CPU.ActiveCfg = Debug|Any CPU
		{FE41114A-1D9D-4A1F-9C7E-B0BCCFEEFDAE}.Debug|Any CPU.Build.0 = Debug|Any CPU
		{FE41114A-1D9D-4A1F-9C7E-B0BCCFEEFDAE}.Release|Any CPU.ActiveCfg = Release|Any CPU
		{FE41114A-1D9D-4A1F-9C7E-B0BCCFEEFDAE}.Release|Any CPU.Build.0 = Release|Any CPU
	EndGlobalSection
	GlobalSection(SolutionProperties) = preSolution
		HideSolutionNode = FALSE
	EndGlobalSection
	GlobalSection(ExtensibilityGlobals) = postSolution
		SolutionGuid = {C25B1D10-95A0-4397-8460-7B2DDF8E8E49}
	EndGlobalSection
EndGlobal
